<?xml version="1.0" encoding="utf-8"?>
<Project ToolsVersion="4.0" xmlns="http://schemas.microsoft.com/developer/msbuild/2003">
  <ItemGroup>
    <Filter Include="Source Files">
      <UniqueIdentifier>{4FC737F1-C7A5-4376-A066-2A32D752A2FF}</UniqueIdentifier>
      <Extensions>cpp;c;cc;cxx;c++;cppm;ixx;def;odl;idl;hpj;bat;asm;asmx</Extensions>
    </Filter>
    <Filter Include="Header Files">
      <UniqueIdentifier>{93995380-89BD-4b04-88EB-625FBE52EBFB}</UniqueIdentifier>
      <Extensions>h;hh;hpp;hxx;h++;hm;inl;inc;ipp;xsd</Extensions>
    </Filter>
    <Filter Include="Resource Files">
      <UniqueIdentifier>{67DA6AB6-F800-4c08-8B7A-83BB121AAD01}</UniqueIdentifier>
      <Extensions>rc;ico;cur;bmp;dlg;rc2;rct;bin;rgs;gif;jpg;jpeg;jpe;resx;tiff;tif;png;wav;mfcribbon-ms</Extensions>
    </Filter>
  </ItemGroup>
  <ItemGroup>
    <ClInclude Include="src\win\Window.h">
      <Filter>Header Files</Filter>
    </ClInclude>
    <ClInclude Include="src\win\Keyboard.h">
      <Filter>Header Files</Filter>
    </ClInclude>
    <ClInclude Include="src\win\Mouse.h">
      <Filter>Header Files</Filter>
    </ClInclude>
    <ClInclude Include="src\win\HydroWin.h">
      <Filter>Header Files</Filter>
    </ClInclude>
    <ClInclude Include="src\misc\HydroException.h">
      <Filter>Header Files</Filter>
    </ClInclude>
    <ClInclude Include="src\win\WindowException.h">
      <Filter>Header Files</Filter>
    </ClInclude>
    <ClInclude Include="src\gfx\Graphics.h">
      <Filter>Header Files</Filter>
    </ClInclude>
    <ClInclude Include="src\app\App.h">
      <Filter>Header Files</Filter>
    </ClInclude>
    <ClInclude Include="src\misc\Timer.h">
      <Filter>Header Files</Filter>
    </ClInclude>
    <ClInclude Include="src\app\EntryPoint.h">
      <Filter>Header Files</Filter>
    </ClInclude>
    <ClInclude Include="src\gfx\GraphicsException.h">
      <Filter>Header Files</Filter>
    </ClInclude>
    <ClInclude Include="src\gfx\Bindable\Bindable.h">
      <Filter>Header Files</Filter>
    </ClInclude>
    <ClInclude Include="src\gfx\Bindable\BindableCommon.h">
      <Filter>Header Files</Filter>
    </ClInclude>
    <ClInclude Include="src\gfx\Bindable\ConstantBuffers.h">
      <Filter>Header Files</Filter>
    </ClInclude>
    <ClInclude Include="src\gfx\Bindable\IndexBuffer.h">
      <Filter>Header Files</Filter>
    </ClInclude>
    <ClInclude Include="src\gfx\Bindable\InputLayout.h">
      <Filter>Header Files</Filter>
    </ClInclude>
    <ClInclude Include="src\gfx\Bindable\PixelShader.h">
      <Filter>Header Files</Filter>
    </ClInclude>
    <ClInclude Include="src\gfx\Bindable\Topology.h">
      <Filter>Header Files</Filter>
    </ClInclude>
    <ClInclude Include="src\gfx\Bindable\TransformCbuf.h">
      <Filter>Header Files</Filter>
    </ClInclude>
    <ClInclude Include="src\gfx\Drawable\Drawable.h">
      <Filter>Header Files</Filter>
    </ClInclude>
    <ClInclude Include="src\gfx\Bindable\VertexBuffer.h">
      <Filter>Header Files</Filter>
    </ClInclude>
    <ClInclude Include="src\gfx\Bindable\VertexShader.h">
      <Filter>Header Files</Filter>
    </ClInclude>
    <ClInclude Include="src\misc\Surface.h">
      <Filter>Header Files</Filter>
    </ClInclude>
    <ClInclude Include="src\gfx\Bindable\Texture.h">
      <Filter>Header Files</Filter>
    </ClInclude>
    <ClInclude Include="src\gfx\Bindable\Sampler.h">
      <Filter>Header Files</Filter>
    </ClInclude>
    <ClInclude Include="src\gfx\Drawable\IndexedTriangleList.h">
      <Filter>Header Files</Filter>
    </ClInclude>
    <ClInclude Include="third\ImGui\imconfig.h">
      <Filter>Header Files</Filter>
    </ClInclude>
    <ClInclude Include="third\ImGui\imgui.h">
      <Filter>Header Files</Filter>
    </ClInclude>
    <ClInclude Include="third\ImGui\imgui_impl_dx11.h">
      <Filter>Header Files</Filter>
    </ClInclude>
    <ClInclude Include="third\ImGui\imgui_impl_win32.h">
      <Filter>Header Files</Filter>
    </ClInclude>
    <ClInclude Include="third\ImGui\imgui_internal.h">
      <Filter>Header Files</Filter>
    </ClInclude>
    <ClInclude Include="third\ImGui\imstb_rectpack.h">
      <Filter>Header Files</Filter>
    </ClInclude>
    <ClInclude Include="third\ImGui\imstb_textedit.h">
      <Filter>Header Files</Filter>
    </ClInclude>
    <ClInclude Include="third\ImGui\imstb_truetype.h">
      <Filter>Header Files</Filter>
    </ClInclude>
    <ClInclude Include="src\misc\ImGuiManager.h">
      <Filter>Header Files</Filter>
    </ClInclude>
    <ClInclude Include="src\gfx\Camera.h">
      <Filter>Header Files</Filter>
    </ClInclude>
    <ClInclude Include="src\gfx\Drawable\Sphere.h">
      <Filter>Header Files</Filter>
    </ClInclude>
    <ClInclude Include="src\gfx\Drawable\SolidSphere.h">
      <Filter>Header Files</Filter>
    </ClInclude>
    <ClInclude Include="src\gfx\PointLight.h">
      <Filter>Header Files</Filter>
    </ClInclude>
    <ClInclude Include="src\gfx\Vertex.h">
      <Filter>Header Files</Filter>
    </ClInclude>
    <ClInclude Include="src\gfx\Color.h">
      <Filter>Header Files</Filter>
    </ClInclude>
    <ClInclude Include="src\gfx\Model\Mesh.h">
      <Filter>Header Files</Filter>
    </ClInclude>
    <ClInclude Include="src\gfx\Bindable\BindableCodex.h">
      <Filter>Header Files</Filter>
    </ClInclude>
    <ClInclude Include="src\gfx\Drawable\Plane.h">
      <Filter>Header Files</Filter>
    </ClInclude>
    <ClInclude Include="src\gfx\Drawable\TestPlane.h">
      <Filter>Header Files</Filter>
    </ClInclude>
    <ClInclude Include="src\gfx\Bindable\TransformCbufPixel.h">
      <Filter>Header Files</Filter>
    </ClInclude>
    <ClInclude Include="src\misc\HydroXM.h">
      <Filter>Header Files</Filter>
    </ClInclude>
    <ClInclude Include="src\misc\HydroMath.h">
      <Filter>Header Files</Filter>
    </ClInclude>
    <ClInclude Include="src\gfx\Bindable\Blender.h">
      <Filter>Header Files</Filter>
    </ClInclude>
    <ClInclude Include="src\gfx\Bindable\Rasterizer.h">
      <Filter>Header Files</Filter>
    </ClInclude>
    <ClInclude Include="third\dxtex\include\dxtex\BC.h">
      <Filter>Header Files</Filter>
    </ClInclude>
    <ClInclude Include="third\dxtex\include\dxtex\BCDirectCompute.h">
      <Filter>Header Files</Filter>
    </ClInclude>
    <ClInclude Include="third\dxtex\include\dxtex\d3dx12.h">
      <Filter>Header Files</Filter>
    </ClInclude>
    <ClInclude Include="third\dxtex\include\dxtex\DDS.h">
      <Filter>Header Files</Filter>
    </ClInclude>
    <ClInclude Include="third\dxtex\include\dxtex\DirectXTex.h">
      <Filter>Header Files</Filter>
    </ClInclude>
    <ClInclude Include="third\dxtex\include\dxtex\DirectXTexP.h">
      <Filter>Header Files</Filter>
    </ClInclude>
    <ClInclude Include="third\dxtex\include\dxtex\filters.h">
      <Filter>Header Files</Filter>
    </ClInclude>
    <ClInclude Include="third\dxtex\include\dxtex\scoped.h">
      <Filter>Header Files</Filter>
    </ClInclude>
    <ClInclude Include="src\gfx\DynamicConstant.h">
      <Filter>Header Files</Filter>
    </ClInclude>
    <ClInclude Include="src\gfx\LayoutCodex.h">
      <Filter>Header Files</Filter>
    </ClInclude>
    <ClInclude Include="src\gfx\Bindable\ConstantBuffersEx.h">
      <Filter>Header Files</Filter>
    </ClInclude>
    <ClInclude Include="src\gfx\Bindable\Stencil.h">
      <Filter>Header Files</Filter>
    </ClInclude>
    <ClInclude Include="src\gfx\Drawable\TestCube.h">
      <Filter>Header Files</Filter>
    </ClInclude>
    <ClInclude Include="src\gfx\Drawable\Cube.h">
      <Filter>Header Files</Filter>
    </ClInclude>
    <ClInclude Include="src\gfx\Jobber\Pass.h">
      <Filter>Header Files</Filter>
    </ClInclude>
    <ClInclude Include="src\gfx\Jobber\Job.h">
      <Filter>Header Files</Filter>
    </ClInclude>
    <ClInclude Include="src\gfx\Jobber\Step.h">
      <Filter>Header Files</Filter>
    </ClInclude>
    <ClInclude Include="src\gfx\Jobber\Technique.h">
      <Filter>Header Files</Filter>
    </ClInclude>
    <ClInclude Include="src\gfx\Jobber\FrameCommander.h">
      <Filter>Header Files</Filter>
    </ClInclude>
    <ClInclude Include="src\gfx\Bindable\NullPixelShader.h">
      <Filter>Header Files</Filter>
    </ClInclude>
    <ClInclude Include="src\misc\HydroUtility.h">
      <Filter>Header Files</Filter>
    </ClInclude>
    <ClInclude Include="src\gfx\Jobber\TechniqueProbe.h">
      <Filter>Header Files</Filter>
    </ClInclude>
    <ClInclude Include="src\gfx\Model\Material.h">
      <Filter>Header Files</Filter>
    </ClInclude>
    <ClInclude Include="src\gfx\Model\Node.h">
      <Filter>Header Files</Filter>
    </ClInclude>
    <ClInclude Include="src\gfx\Model\ModelException.h">
      <Filter>Header Files</Filter>
    </ClInclude>
    <ClInclude Include="src\gfx\Model\Model.h">
      <Filter>Header Files</Filter>
    </ClInclude>
    <ClInclude Include="src\gfx\Model\ModelProbe.h">
      <Filter>Header Files</Filter>
    </ClInclude>
    <ClInclude Include="src\gfx\GraphicsResource\GraphicsResource.h">
      <Filter>Header Files</Filter>
    </ClInclude>
    <ClInclude Include="src\gfx\GraphicsResource\RenderTarget.h">
      <Filter>Header Files</Filter>
    </ClInclude>
    <ClInclude Include="src\gfx\GraphicsResource\DepthStencil.h">
      <Filter>Header Files</Filter>
    </ClInclude>
    <ClInclude Include="src\gfx\BlurPack.h">
      <Filter>Header Files</Filter>
    </ClInclude>
  </ItemGroup>
  <ItemGroup>
    <ClCompile Include="src\win\Window.cpp">
      <Filter>Source Files</Filter>
    </ClCompile>
    <ClCompile Include="src\win\Keyboard.cpp">
      <Filter>Source Files</Filter>
    </ClCompile>
    <ClCompile Include="src\win\Mouse.cpp">
      <Filter>Source Files</Filter>
    </ClCompile>
    <ClCompile Include="src\misc\HydroException.cpp">
      <Filter>Source Files</Filter>
    </ClCompile>
    <ClCompile Include="src\win\WindowException.cpp">
      <Filter>Source Files</Filter>
    </ClCompile>
    <ClCompile Include="src\gfx\Graphics.cpp">
      <Filter>Source Files</Filter>
    </ClCompile>
    <ClCompile Include="src\app\App.cpp">
      <Filter>Source Files</Filter>
    </ClCompile>
    <ClCompile Include="src\gfx\GraphicsException.cpp">
      <Filter>Source Files</Filter>
    </ClCompile>
    <ClCompile Include="src\gfx\Bindable\IndexBuffer.cpp">
      <Filter>Source Files</Filter>
    </ClCompile>
    <ClCompile Include="src\gfx\Bindable\InputLayout.cpp">
      <Filter>Source Files</Filter>
    </ClCompile>
    <ClCompile Include="src\gfx\Bindable\PixelShader.cpp">
      <Filter>Source Files</Filter>
    </ClCompile>
    <ClCompile Include="src\gfx\Bindable\Topology.cpp">
      <Filter>Source Files</Filter>
    </ClCompile>
    <ClCompile Include="src\gfx\Drawable\Drawable.cpp">
      <Filter>Source Files</Filter>
    </ClCompile>
    <ClCompile Include="src\gfx\Bindable\TransformCbuf.cpp">
      <Filter>Source Files</Filter>
    </ClCompile>
    <ClCompile Include="src\gfx\Bindable\VertexBuffer.cpp">
      <Filter>Source Files</Filter>
    </ClCompile>
    <ClCompile Include="src\gfx\Bindable\VertexShader.cpp">
      <Filter>Source Files</Filter>
    </ClCompile>
    <ClCompile Include="src\misc\Surface.cpp">
      <Filter>Source Files</Filter>
    </ClCompile>
    <ClCompile Include="src\gfx\Bindable\Texture.cpp">
      <Filter>Source Files</Filter>
    </ClCompile>
    <ClCompile Include="src\gfx\Bindable\Sampler.cpp">
      <Filter>Source Files</Filter>
    </ClCompile>
    <ClCompile Include="third\ImGui\imgui.cpp">
      <Filter>Source Files</Filter>
    </ClCompile>
    <ClCompile Include="third\ImGui\imgui_demo.cpp">
      <Filter>Source Files</Filter>
    </ClCompile>
    <ClCompile Include="third\ImGui\imgui_draw.cpp">
      <Filter>Source Files</Filter>
    </ClCompile>
    <ClCompile Include="third\ImGui\imgui_impl_dx11.cpp">
      <Filter>Source Files</Filter>
    </ClCompile>
    <ClCompile Include="third\ImGui\imgui_impl_win32.cpp">
      <Filter>Source Files</Filter>
    </ClCompile>
    <ClCompile Include="third\ImGui\imgui_tables.cpp">
      <Filter>Source Files</Filter>
    </ClCompile>
    <ClCompile Include="third\ImGui\imgui_widgets.cpp">
      <Filter>Source Files</Filter>
    </ClCompile>
    <ClCompile Include="src\gfx\Camera.cpp">
      <Filter>Source Files</Filter>
    </ClCompile>
    <ClCompile Include="src\gfx\Drawable\SolidSphere.cpp">
      <Filter>Source Files</Filter>
    </ClCompile>
    <ClCompile Include="src\gfx\PointLight.cpp">
      <Filter>Source Files</Filter>
    </ClCompile>
    <ClCompile Include="src\gfx\Model\Mesh.cpp">
      <Filter>Source Files</Filter>
    </ClCompile>
    <ClCompile Include="src\gfx\Vertex.cpp">
      <Filter>Source Files</Filter>
    </ClCompile>
    <ClCompile Include="src\gfx\Drawable\TestPlane.cpp">
      <Filter>Source Files</Filter>
    </ClCompile>
    <ClCompile Include="src\gfx\Bindable\TransformCbufPixel.cpp">
      <Filter>Source Files</Filter>
    </ClCompile>
    <ClCompile Include="src\misc\HydroXM.cpp">
      <Filter>Source Files</Filter>
    </ClCompile>
    <ClCompile Include="src\gfx\Bindable\Blender.cpp">
      <Filter>Source Files</Filter>
    </ClCompile>
    <ClCompile Include="src\gfx\Bindable\Rasterizer.cpp">
      <Filter>Source Files</Filter>
    </ClCompile>
    <ClCompile Include="src\gfx\DynamicConstant.cpp">
      <Filter>Source Files</Filter>
    </ClCompile>
    <ClCompile Include="src\gfx\LayoutCodex.cpp">
      <Filter>Source Files</Filter>
    </ClCompile>
    <ClCompile Include="src\gfx\Drawable\TestCube.cpp">
      <Filter>Source Files</Filter>
    </ClCompile>
    <ClCompile Include="src\gfx\Jobber\Job.cpp">
      <Filter>Source Files</Filter>
    </ClCompile>
    <ClCompile Include="src\gfx\Jobber\Step.cpp">
      <Filter>Source Files</Filter>
    </ClCompile>
    <ClCompile Include="src\gfx\Jobber\Technique.cpp">
      <Filter>Source Files</Filter>
    </ClCompile>
    <ClCompile Include="src\gfx\Bindable\NullPixelShader.cpp">
      <Filter>Source Files</Filter>
    </ClCompile>
    <ClCompile Include="src\gfx\Model\Material.cpp">
      <Filter>Source Files</Filter>
    </ClCompile>
    <ClCompile Include="src\gfx\Model\Node.cpp">
      <Filter>Source Files</Filter>
    </ClCompile>
    <ClCompile Include="src\gfx\Model\ModelException.cpp">
      <Filter>Source Files</Filter>
    </ClCompile>
    <ClCompile Include="src\gfx\Model\Model.cpp">
      <Filter>Source Files</Filter>
    </ClCompile>
    <ClCompile Include="src\gfx\GraphicsResource\GraphicsResource.cpp">
      <Filter>Source Files</Filter>
    </ClCompile>
    <ClCompile Include="src\gfx\GraphicsResource\RenderTarget.cpp">
      <Filter>Source Files</Filter>
    </ClCompile>
    <ClCompile Include="src\gfx\GraphicsResource\DepthStencil.cpp">
      <Filter>Source Files</Filter>
    </ClCompile>
  </ItemGroup>
  <ItemGroup>
    <None Include="third\lib\assimp-vc140-mt.dll" />
    <None Include="third\lib\zlib1.dll" />
    <None Include="third\dxtex\include\dxtex\DirectXTex.inl">
      <Filter>Header Files</Filter>
    </None>
  </ItemGroup>
  <ItemGroup>
    <FxCompile Include="src\gfx\shaders\PhongDif_PS.hlsl" />
    <FxCompile Include="src\gfx\shaders\PhongDifNrm_PS.hlsl" />
    <FxCompile Include="src\gfx\shaders\PhongPSNormalMapObject.hlsl" />
    <FxCompile Include="src\gfx\shaders\Phong_PS.hlsl" />
    <FxCompile Include="src\gfx\shaders\PhongDifSpcNrm_PS.hlsl" />
    <FxCompile Include="src\gfx\shaders\PhongDif_VS.hlsl" />
    <FxCompile Include="src\gfx\shaders\PhongDifNrm_VS.hlsl" />
    <FxCompile Include="src\gfx\shaders\Phong_VS.hlsl" />
    <FxCompile Include="src\gfx\shaders\Solid_PS.hlsl" />
    <FxCompile Include="src\gfx\shaders\Solid_VS.hlsl" />
    <FxCompile Include="src\gfx\shaders\ShaderOps.hlsl" />
    <FxCompile Include="src\gfx\shaders\PointLight.hlsl" />
    <FxCompile Include="src\gfx\shaders\LightVectorData.hlsl" />
    <FxCompile Include="src\gfx\shaders\Transform.hlsl" />
    <FxCompile Include="src\gfx\shaders\PhongDifSpc_PS.hlsl" />
    <FxCompile Include="src\gfx\shaders\PhongDifMskSpcNrm_PS.hlsl" />
    <FxCompile Include="src\gfx\shaders\PhongDifMskSpcNrm_VS.hlsl" />
    <FxCompile Include="src\gfx\shaders\PhongDifSpcNrm_VS.hlsl" />
    <FxCompile Include="src\gfx\shaders\PhongDifSpc_VS.hlsl" />
    <FxCompile Include="src\gfx\shaders\Offset_VS.hlsl" />
    <FxCompile Include="src\gfx\shaders\Fullscreen_VS.hlsl" />
    <FxCompile Include="src\gfx\shaders\Blur_PS.hlsl" />
    <FxCompile Include="src\gfx\shaders\BlurOutline_PS.hlsl" />
  </ItemGroup>
</Project>